
Microsoft Visual Studio Solution File, Format Version 12.00
# Visual Studio 15
VisualStudioVersion = 15.0.28010.2036
MinimumVisualStudioVersion = 10.0.40219.1
Project("{FAE04EC0-301F-11D3-BF4B-00C04F79EFBC}") = "ContosoSite", "ContosoSite\ContosoSite.csproj", "{73A2BE80-BFD7-4284-AD11-3A7E8BFB020A}"
EndProject
Global
	GlobalSection(SolutionConfigurationPlatforms) = preSolution
		Debug|Any CPU = Debug|Any CPU
		Release|Any CPU = Release|Any CPU
	EndGlobalSection
	GlobalSection(ProjectConfigurationPlatforms) = postSolution
		{73A2BE80-BFD7-4284-AD11-3A7E8BFB020A}.Debug|Any CPU.ActiveCfg = Debug|Any CPU
		{73A2BE80-BFD7-4284-AD11-3A7E8BFB020A}.Debug|Any CPU.Build.0 = Debug|Any CPU
		{73A2BE80-BFD7-4284-AD11-3A7E8BFB020A}.Release|Any CPU.ActiveCfg = Release|Any CPU
		{73A2BE80-BFD7-4284-AD11-3A7E8BFB020A}.Release|Any CPU.Build.0 = Release|Any CPU
	EndGlobalSection
	GlobalSection(SolutionProperties) = preSolution
		HideSolutionNode = FALSE
	EndGlobalSection
	GlobalSection(ExtensibilityGlobals) = postSolution
		SolutionGuid = {0874BB41-FAF4-4088-BA92-490EC1E5C0A4}
	EndGlobalSection
EndGlobal
