
Microsoft Visual Studio Solution File, Format Version 12.00
# Visual Studio 15
VisualStudioVersion = 15.0.28010.2036
MinimumVisualStudioVersion = 10.0.40219.1
Project("{FAE04EC0-301F-11D3-BF4B-00C04F79EFBC}") = "Calendar", "Calendar\Calendar.csproj", "{154E8D9B-152F-455B-8DC2-5D56E4EF1781}"
EndProject
Global
	GlobalSection(SolutionConfigurationPlatforms) = preSolution
		Debug|Any CPU = Debug|Any CPU
		Release|Any CPU = Release|Any CPU
	EndGlobalSection
	GlobalSection(ProjectConfigurationPlatforms) = postSolution
		{154E8D9B-152F-455B-8DC2-5D56E4EF1781}.Debug|Any CPU.ActiveCfg = Debug|Any CPU
		{154E8D9B-152F-455B-8DC2-5D56E4EF1781}.Debug|Any CPU.Build.0 = Debug|Any CPU
		{154E8D9B-152F-455B-8DC2-5D56E4EF1781}.Release|Any CPU.ActiveCfg = Release|Any CPU
		{154E8D9B-152F-455B-8DC2-5D56E4EF1781}.Release|Any CPU.Build.0 = Release|Any CPU
	EndGlobalSection
	GlobalSection(SolutionProperties) = preSolution
		HideSolutionNode = FALSE
	EndGlobalSection
	GlobalSection(ExtensibilityGlobals) = postSolution
		SolutionGuid = {4BD5752C-E32C-4C4E-8A76-736ED9B36FCC}
	EndGlobalSection
EndGlobal
