
Microsoft Visual Studio Solution File, Format Version 12.00
# Visual Studio 15
VisualStudioVersion = 15.0.27703.2047
MinimumVisualStudioVersion = 10.0.40219.1
Project("{FAE04EC0-301F-11D3-BF4B-00C04F79EFBC}") = "HouseOfCoffee", "HouseOfCoffee\HouseOfCoffee.csproj", "{DEABDB0A-516D-4644-9AEC-3FBE94EA0DA2}"
EndProject
Project("{FAE04EC0-301F-11D3-BF4B-00C04F79EFBC}") = "enumLibrary", "enumLibrary\enumLibrary.csproj", "{25119F91-0A7C-4CBD-8C84-CB6B35DAB606}"
EndProject
Global
	GlobalSection(SolutionConfigurationPlatforms) = preSolution
		Debug|Any CPU = Debug|Any CPU
		Release|Any CPU = Release|Any CPU
	EndGlobalSection
	GlobalSection(ProjectConfigurationPlatforms) = postSolution
		{DEABDB0A-516D-4644-9AEC-3FBE94EA0DA2}.Debug|Any CPU.ActiveCfg = Debug|Any CPU
		{DEABDB0A-516D-4644-9AEC-3FBE94EA0DA2}.Debug|Any CPU.Build.0 = Debug|Any CPU
		{DEABDB0A-516D-4644-9AEC-3FBE94EA0DA2}.Release|Any CPU.ActiveCfg = Release|Any CPU
		{DEABDB0A-516D-4644-9AEC-3FBE94EA0DA2}.Release|Any CPU.Build.0 = Release|Any CPU
		{25119F91-0A7C-4CBD-8C84-CB6B35DAB606}.Debug|Any CPU.ActiveCfg = Debug|Any CPU
		{25119F91-0A7C-4CBD-8C84-CB6B35DAB606}.Debug|Any CPU.Build.0 = Debug|Any CPU
		{25119F91-0A7C-4CBD-8C84-CB6B35DAB606}.Release|Any CPU.ActiveCfg = Release|Any CPU
		{25119F91-0A7C-4CBD-8C84-CB6B35DAB606}.Release|Any CPU.Build.0 = Release|Any CPU
	EndGlobalSection
	GlobalSection(SolutionProperties) = preSolution
		HideSolutionNode = FALSE
	EndGlobalSection
	GlobalSection(ExtensibilityGlobals) = postSolution
		SolutionGuid = {7A32B5DC-C916-4A3B-A179-4BA5E9C525A5}
	EndGlobalSection
EndGlobal
