
Microsoft Visual Studio Solution File, Format Version 12.00
# Visual Studio 15
VisualStudioVersion = 15.0.27703.2047
MinimumVisualStudioVersion = 10.0.40219.1
Project("{FAE04EC0-301F-11D3-BF4B-00C04F79EFBC}") = "FlowerColor_HW 2C", "FlowerColor_HW 2C\FlowerColor_HW 2C.csproj", "{702AFF57-1C24-4414-9546-E730415B370B}"
EndProject
Global
	GlobalSection(SolutionConfigurationPlatforms) = preSolution
		Debug|Any CPU = Debug|Any CPU
		Release|Any CPU = Release|Any CPU
	EndGlobalSection
	GlobalSection(ProjectConfigurationPlatforms) = postSolution
		{702AFF57-1C24-4414-9546-E730415B370B}.Debug|Any CPU.ActiveCfg = Debug|Any CPU
		{702AFF57-1C24-4414-9546-E730415B370B}.Debug|Any CPU.Build.0 = Debug|Any CPU
		{702AFF57-1C24-4414-9546-E730415B370B}.Release|Any CPU.ActiveCfg = Release|Any CPU
		{702AFF57-1C24-4414-9546-E730415B370B}.Release|Any CPU.Build.0 = Release|Any CPU
	EndGlobalSection
	GlobalSection(SolutionProperties) = preSolution
		HideSolutionNode = FALSE
	EndGlobalSection
	GlobalSection(ExtensibilityGlobals) = postSolution
		SolutionGuid = {7AC9E660-6DE7-4CA0-B878-CDE056B29147}
	EndGlobalSection
EndGlobal
