
Microsoft Visual Studio Solution File, Format Version 12.00
# Visual Studio 15
VisualStudioVersion = 15.0.27703.2047
MinimumVisualStudioVersion = 10.0.40219.1
Project("{FAE04EC0-301F-11D3-BF4B-00C04F79EFBC}") = "SumOfNumbers", "SumOfNumbers\SumOfNumbers.csproj", "{A418406E-3CC5-4CE6-8E0E-C4C28049F315}"
EndProject
Global
	GlobalSection(SolutionConfigurationPlatforms) = preSolution
		Debug|Any CPU = Debug|Any CPU
		Release|Any CPU = Release|Any CPU
	EndGlobalSection
	GlobalSection(ProjectConfigurationPlatforms) = postSolution
		{A418406E-3CC5-4CE6-8E0E-C4C28049F315}.Debug|Any CPU.ActiveCfg = Debug|Any CPU
		{A418406E-3CC5-4CE6-8E0E-C4C28049F315}.Debug|Any CPU.Build.0 = Debug|Any CPU
		{A418406E-3CC5-4CE6-8E0E-C4C28049F315}.Release|Any CPU.ActiveCfg = Release|Any CPU
		{A418406E-3CC5-4CE6-8E0E-C4C28049F315}.Release|Any CPU.Build.0 = Release|Any CPU
	EndGlobalSection
	GlobalSection(SolutionProperties) = preSolution
		HideSolutionNode = FALSE
	EndGlobalSection
	GlobalSection(ExtensibilityGlobals) = postSolution
		SolutionGuid = {8B9A0272-37D6-420A-A2E0-1F288D51CE9E}
	EndGlobalSection
EndGlobal
