
Microsoft Visual Studio Solution File, Format Version 12.00
# Visual Studio 15
VisualStudioVersion = 15.0.27703.2047
MinimumVisualStudioVersion = 10.0.40219.1
Project("{FAE04EC0-301F-11D3-BF4B-00C04F79EFBC}") = "Profit", "Profit\Profit.csproj", "{0DC184D3-F4DB-4A27-A100-7B132AC701CB}"
EndProject
Global
	GlobalSection(SolutionConfigurationPlatforms) = preSolution
		Debug|Any CPU = Debug|Any CPU
		Release|Any CPU = Release|Any CPU
	EndGlobalSection
	GlobalSection(ProjectConfigurationPlatforms) = postSolution
		{0DC184D3-F4DB-4A27-A100-7B132AC701CB}.Debug|Any CPU.ActiveCfg = Debug|Any CPU
		{0DC184D3-F4DB-4A27-A100-7B132AC701CB}.Debug|Any CPU.Build.0 = Debug|Any CPU
		{0DC184D3-F4DB-4A27-A100-7B132AC701CB}.Release|Any CPU.ActiveCfg = Release|Any CPU
		{0DC184D3-F4DB-4A27-A100-7B132AC701CB}.Release|Any CPU.Build.0 = Release|Any CPU
	EndGlobalSection
	GlobalSection(SolutionProperties) = preSolution
		HideSolutionNode = FALSE
	EndGlobalSection
	GlobalSection(ExtensibilityGlobals) = postSolution
		SolutionGuid = {1CF1006E-FB0E-4022-8E28-9FF22A969E26}
	EndGlobalSection
EndGlobal
