
Microsoft Visual Studio Solution File, Format Version 12.00
# Visual Studio 15
VisualStudioVersion = 15.0.27703.2047
MinimumVisualStudioVersion = 10.0.40219.1
Project("{FAE04EC0-301F-11D3-BF4B-00C04F79EFBC}") = "Errors and Exceptions of formulas", "Errors and Exceptions of formulas\Errors and Exceptions of formulas.csproj", "{36DE7703-A184-4EF8-B191-FAB79D5B4330}"
EndProject
Global
	GlobalSection(SolutionConfigurationPlatforms) = preSolution
		Debug|Any CPU = Debug|Any CPU
		Release|Any CPU = Release|Any CPU
	EndGlobalSection
	GlobalSection(ProjectConfigurationPlatforms) = postSolution
		{36DE7703-A184-4EF8-B191-FAB79D5B4330}.Debug|Any CPU.ActiveCfg = Debug|Any CPU
		{36DE7703-A184-4EF8-B191-FAB79D5B4330}.Debug|Any CPU.Build.0 = Debug|Any CPU
		{36DE7703-A184-4EF8-B191-FAB79D5B4330}.Release|Any CPU.ActiveCfg = Release|Any CPU
		{36DE7703-A184-4EF8-B191-FAB79D5B4330}.Release|Any CPU.Build.0 = Release|Any CPU
	EndGlobalSection
	GlobalSection(SolutionProperties) = preSolution
		HideSolutionNode = FALSE
	EndGlobalSection
	GlobalSection(ExtensibilityGlobals) = postSolution
		SolutionGuid = {A0AF3F0C-EAC6-4F2C-93FF-B7E817CECBE0}
	EndGlobalSection
EndGlobal
