
Microsoft Visual Studio Solution File, Format Version 12.00
# Visual Studio 15
VisualStudioVersion = 15.0.27703.2047
MinimumVisualStudioVersion = 10.0.40219.1
Project("{FAE04EC0-301F-11D3-BF4B-00C04F79EFBC}") = "Mathematical Formulas4", "Mathematical Formulas4\Mathematical Formulas4.csproj", "{FDEC8A83-64B4-438E-A4C2-20DBDDEC2BEC}"
EndProject
Global
	GlobalSection(SolutionConfigurationPlatforms) = preSolution
		Debug|Any CPU = Debug|Any CPU
		Release|Any CPU = Release|Any CPU
	EndGlobalSection
	GlobalSection(ProjectConfigurationPlatforms) = postSolution
		{FDEC8A83-64B4-438E-A4C2-20DBDDEC2BEC}.Debug|Any CPU.ActiveCfg = Debug|Any CPU
		{FDEC8A83-64B4-438E-A4C2-20DBDDEC2BEC}.Debug|Any CPU.Build.0 = Debug|Any CPU
		{FDEC8A83-64B4-438E-A4C2-20DBDDEC2BEC}.Release|Any CPU.ActiveCfg = Release|Any CPU
		{FDEC8A83-64B4-438E-A4C2-20DBDDEC2BEC}.Release|Any CPU.Build.0 = Release|Any CPU
	EndGlobalSection
	GlobalSection(SolutionProperties) = preSolution
		HideSolutionNode = FALSE
	EndGlobalSection
	GlobalSection(ExtensibilityGlobals) = postSolution
		SolutionGuid = {80666394-3126-463E-ACD7-542082055191}
	EndGlobalSection
EndGlobal
