
Microsoft Visual Studio Solution File, Format Version 12.00
# Visual Studio 15
VisualStudioVersion = 15.0.27703.2047
MinimumVisualStudioVersion = 10.0.40219.1
Project("{FAE04EC0-301F-11D3-BF4B-00C04F79EFBC}") = "EmployeeProject", "EmployeeProject\EmployeeProject.csproj", "{2996E791-DB06-4B83-8A2B-F2DE9277317A}"
EndProject
Global
	GlobalSection(SolutionConfigurationPlatforms) = preSolution
		Debug|Any CPU = Debug|Any CPU
		Release|Any CPU = Release|Any CPU
	EndGlobalSection
	GlobalSection(ProjectConfigurationPlatforms) = postSolution
		{2996E791-DB06-4B83-8A2B-F2DE9277317A}.Debug|Any CPU.ActiveCfg = Debug|Any CPU
		{2996E791-DB06-4B83-8A2B-F2DE9277317A}.Debug|Any CPU.Build.0 = Debug|Any CPU
		{2996E791-DB06-4B83-8A2B-F2DE9277317A}.Release|Any CPU.ActiveCfg = Release|Any CPU
		{2996E791-DB06-4B83-8A2B-F2DE9277317A}.Release|Any CPU.Build.0 = Release|Any CPU
	EndGlobalSection
	GlobalSection(SolutionProperties) = preSolution
		HideSolutionNode = FALSE
	EndGlobalSection
	GlobalSection(ExtensibilityGlobals) = postSolution
		SolutionGuid = {84714887-2CC8-4B73-80F7-A711F7CDE045}
	EndGlobalSection
EndGlobal
